// !$*UTF8*$!
{
	archiveVersion = 1;
	classes = {
	};
	objectVersion = 51;
	objects = {

/* Begin PBXBuildFile section */
		132080C5F0B2A84855F08D9B /* TempServiceMSAL.swift in Sources */ = {isa = PBXBuildFile; fileRef = 13208D02BD8F371A2BA776B2 /* TempServiceMSAL.swift */; };
		132081B1E052BEBC2F0FC848 /* EventListViewController.swift in Sources */ = {isa = PBXBuildFile; fileRef = 13208E1F36BD6635ACDB0596 /* EventListViewController.swift */; };
		13208344AE4E5CC771811ED4 /* RootViewController.swift in Sources */ = {isa = PBXBuildFile; fileRef = 132086652FF90BD2F686F93E /* RootViewController.swift */; };
		13208361DD6C999C856365D8 /* UIColor.swift in Sources */ = {isa = PBXBuildFile; fileRef = 13208484DEAAF2EA757D9C68 /* UIColor.swift */; };
		1320843F5CFD847D2A7EF9A9 /* ProfileViewController.swift in Sources */ = {isa = PBXBuildFile; fileRef = 1320847DB5D49ED5C18EAD48 /* ProfileViewController.swift */; };
		1320860E32342A89629012E3 /* HomeViewController.swift in Sources */ = {isa = PBXBuildFile; fileRef = 132089CF91BC36B3424F2C4A /* HomeViewController.swift */; };
		1320865100C2083A93C55EF5 /* HomeCell.swift in Sources */ = {isa = PBXBuildFile; fileRef = 132085B21FB3CC6C92A33FEB /* HomeCell.swift */; };
		132088D90A545A8A9FFCAE11 /* UITableViewCell.swift in Sources */ = {isa = PBXBuildFile; fileRef = 132080B43B5054687EDFFB41 /* UITableViewCell.swift */; };
		132088DC5BEA3F9071867046 /* EventDetailViewController.swift in Sources */ = {isa = PBXBuildFile; fileRef = 13208F0152537F73CADF10B0 /* EventDetailViewController.swift */; };
		13208B3809503533F204EFB4 /* WindowFactory.swift in Sources */ = {isa = PBXBuildFile; fileRef = 132080AF51E50DACAD01E142 /* WindowFactory.swift */; };
		13208E7B851A8F97CB499B1B /* Strings.swift in Sources */ = {isa = PBXBuildFile; fileRef = 13208CDBB8A4B2DD8D8A16D9 /* Strings.swift */; };
		13208F735BCD1C33B3A2F3C5 /* UIActivityIndicatorViewController.swift in Sources */ = {isa = PBXBuildFile; fileRef = 13208FE14E183F3CE702333B /* UIActivityIndicatorViewController.swift */; };
		2C6715A830AC25D3893F10E8 /* Pods_HypeSocial.framework in Frameworks */ = {isa = PBXBuildFile; fileRef = C90B8E3C919E3D7C2F3F807C /* Pods_HypeSocial.framework */; };
		5719C3D221C1EA8E00CB6961 /* NVActivityIndicatorView.framework in Frameworks */ = {isa = PBXBuildFile; fileRef = 5719C3D021C1EA8E00CB6961 /* NVActivityIndicatorView.framework */; };
		5719C3D321C1EA8E00CB6961 /* NVActivityIndicatorViewAppExtension.framework in Frameworks */ = {isa = PBXBuildFile; fileRef = 5719C3D121C1EA8E00CB6961 /* NVActivityIndicatorViewAppExtension.framework */; };
		579AC91B21B777FE00BE46D5 /* AppConfig.swift in Sources */ = {isa = PBXBuildFile; fileRef = 579AC91A21B777FE00BE46D5 /* AppConfig.swift */; };
		57BB2CA021C1BE0700089756 /* GoogleService-Info.plist in Resources */ = {isa = PBXBuildFile; fileRef = 57BB2C9F21C1BE0700089756 /* GoogleService-Info.plist */; };
		57DFCEE82185052B0048F450 /* AppDelegate.swift in Sources */ = {isa = PBXBuildFile; fileRef = 57DFCEE72185052B0048F450 /* AppDelegate.swift */; };
		57DFCEED2185052B0048F450 /* Main.storyboard in Resources */ = {isa = PBXBuildFile; fileRef = 57DFCEEB2185052B0048F450 /* Main.storyboard */; };
		57DFCEEF2185052D0048F450 /* Assets.xcassets in Resources */ = {isa = PBXBuildFile; fileRef = 57DFCEEE2185052D0048F450 /* Assets.xcassets */; };
		57DFCEF22185052D0048F450 /* LaunchScreen.storyboard in Resources */ = {isa = PBXBuildFile; fileRef = 57DFCEF02185052D0048F450 /* LaunchScreen.storyboard */; };
		57DFCEFD2185052E0048F450 /* HypeSocialTests.swift in Sources */ = {isa = PBXBuildFile; fileRef = 57DFCEFC2185052E0048F450 /* HypeSocialTests.swift */; };
		57DFCF3C21851F900048F450 /* Alamofire.framework in Frameworks */ = {isa = PBXBuildFile; fileRef = 57DFCF3921851F8C0048F450 /* Alamofire.framework */; };
		57DFCF3D21851F900048F450 /* Moya.framework in Frameworks */ = {isa = PBXBuildFile; fileRef = 57DFCF3621851F8B0048F450 /* Moya.framework */; };
		57DFCF3F21851F900048F450 /* Result.framework in Frameworks */ = {isa = PBXBuildFile; fileRef = 57DFCF3A21851F8C0048F450 /* Result.framework */; };
		57DFCF4121851F910048F450 /* RxSwift.framework in Frameworks */ = {isa = PBXBuildFile; fileRef = 57DFCF3B21851F8C0048F450 /* RxSwift.framework */; };
		57DFCF432185210D0048F450 /* RxMoya.framework in Frameworks */ = {isa = PBXBuildFile; fileRef = 57DFCF422185210D0048F450 /* RxMoya.framework */; };
		57DFCF45218524670048F450 /* MSAL.framework in Frameworks */ = {isa = PBXBuildFile; fileRef = 57DFCF44218524670048F450 /* MSAL.framework */; };
		8A60F6236A5FAA683AD2D2B4 /* Pods_HypeSocialTests.framework in Frameworks */ = {isa = PBXBuildFile; fileRef = DAD12E2C7FF96ED9D4D4B65E /* Pods_HypeSocialTests.framework */; };
/* End PBXBuildFile section */

/* Begin PBXContainerItemProxy section */
		57DFCEF92185052D0048F450 /* PBXContainerItemProxy */ = {
			isa = PBXContainerItemProxy;
			containerPortal = 57DFCEDC2185052B0048F450 /* Project object */;
			proxyType = 1;
			remoteGlobalIDString = 57DFCEE32185052B0048F450;
			remoteInfo = HypeSocial;
		};
/* End PBXContainerItemProxy section */

/* Begin PBXCopyFilesBuildPhase section */
		57DFCF0821850DFD0048F450 /* Carthage */ = {
			isa = PBXCopyFilesBuildPhase;
			buildActionMask = 2147483647;
			dstPath = "";
			dstSubfolderSpec = 7;
			files = (
			);
			name = Carthage;
			runOnlyForDeploymentPostprocessing = 0;
		};
/* End PBXCopyFilesBuildPhase section */

/* Begin PBXFileReference section */
		132080AF51E50DACAD01E142 /* WindowFactory.swift */ = {isa = PBXFileReference; fileEncoding = 4; lastKnownFileType = sourcecode.swift; path = WindowFactory.swift; sourceTree = "<group>"; };
		132080B43B5054687EDFFB41 /* UITableViewCell.swift */ = {isa = PBXFileReference; fileEncoding = 4; lastKnownFileType = sourcecode.swift; path = UITableViewCell.swift; sourceTree = "<group>"; };
		1320847DB5D49ED5C18EAD48 /* ProfileViewController.swift */ = {isa = PBXFileReference; fileEncoding = 4; lastKnownFileType = sourcecode.swift; path = ProfileViewController.swift; sourceTree = "<group>"; };
		13208484DEAAF2EA757D9C68 /* UIColor.swift */ = {isa = PBXFileReference; fileEncoding = 4; lastKnownFileType = sourcecode.swift; path = UIColor.swift; sourceTree = "<group>"; };
		132085B21FB3CC6C92A33FEB /* HomeCell.swift */ = {isa = PBXFileReference; fileEncoding = 4; lastKnownFileType = sourcecode.swift; path = HomeCell.swift; sourceTree = "<group>"; };
		132086652FF90BD2F686F93E /* RootViewController.swift */ = {isa = PBXFileReference; fileEncoding = 4; lastKnownFileType = sourcecode.swift; path = RootViewController.swift; sourceTree = "<group>"; };
		132089CF91BC36B3424F2C4A /* HomeViewController.swift */ = {isa = PBXFileReference; fileEncoding = 4; lastKnownFileType = sourcecode.swift; path = HomeViewController.swift; sourceTree = "<group>"; };
		13208CDBB8A4B2DD8D8A16D9 /* Strings.swift */ = {isa = PBXFileReference; fileEncoding = 4; lastKnownFileType = sourcecode.swift; path = Strings.swift; sourceTree = "<group>"; };
		13208D02BD8F371A2BA776B2 /* TempServiceMSAL.swift */ = {isa = PBXFileReference; fileEncoding = 4; lastKnownFileType = sourcecode.swift; path = TempServiceMSAL.swift; sourceTree = "<group>"; };
		13208E1F36BD6635ACDB0596 /* EventListViewController.swift */ = {isa = PBXFileReference; fileEncoding = 4; lastKnownFileType = sourcecode.swift; path = EventListViewController.swift; sourceTree = "<group>"; };
		13208F0152537F73CADF10B0 /* EventDetailViewController.swift */ = {isa = PBXFileReference; fileEncoding = 4; lastKnownFileType = sourcecode.swift; path = EventDetailViewController.swift; sourceTree = "<group>"; };
		13208FE14E183F3CE702333B /* UIActivityIndicatorViewController.swift */ = {isa = PBXFileReference; fileEncoding = 4; lastKnownFileType = sourcecode.swift; path = UIActivityIndicatorViewController.swift; sourceTree = "<group>"; };
		1FE3FD10727D9CDABD9A5BD6 /* Pods-HypeSocialTests.release.xcconfig */ = {isa = PBXFileReference; includeInIndex = 1; lastKnownFileType = text.xcconfig; name = "Pods-HypeSocialTests.release.xcconfig"; path = "Pods/Target Support Files/Pods-HypeSocialTests/Pods-HypeSocialTests.release.xcconfig"; sourceTree = "<group>"; };
		4162FF28DAE0C6C5667A82FA /* Pods-HypeSocial.release.xcconfig */ = {isa = PBXFileReference; includeInIndex = 1; lastKnownFileType = text.xcconfig; name = "Pods-HypeSocial.release.xcconfig"; path = "Pods/Target Support Files/Pods-HypeSocial/Pods-HypeSocial.release.xcconfig"; sourceTree = "<group>"; };
		5719C3D021C1EA8E00CB6961 /* NVActivityIndicatorView.framework */ = {isa = PBXFileReference; lastKnownFileType = wrapper.framework; name = NVActivityIndicatorView.framework; path = Carthage/Build/iOS/NVActivityIndicatorView.framework; sourceTree = "<group>"; };
		5719C3D121C1EA8E00CB6961 /* NVActivityIndicatorViewAppExtension.framework */ = {isa = PBXFileReference; lastKnownFileType = wrapper.framework; name = NVActivityIndicatorViewAppExtension.framework; path = Carthage/Build/iOS/NVActivityIndicatorViewAppExtension.framework; sourceTree = "<group>"; };
		579AC91A21B777FE00BE46D5 /* AppConfig.swift */ = {isa = PBXFileReference; lastKnownFileType = sourcecode.swift; path = AppConfig.swift; sourceTree = "<group>"; };
		57BB2C9F21C1BE0700089756 /* GoogleService-Info.plist */ = {isa = PBXFileReference; fileEncoding = 4; lastKnownFileType = text.plist.xml; name = "GoogleService-Info.plist"; path = "../../../../../../Downloads/GoogleService-Info.plist"; sourceTree = "<group>"; };
		57DFCEE42185052B0048F450 /* HypeSocial.app */ = {isa = PBXFileReference; explicitFileType = wrapper.application; includeInIndex = 0; path = HypeSocial.app; sourceTree = BUILT_PRODUCTS_DIR; };
		57DFCEE72185052B0048F450 /* AppDelegate.swift */ = {isa = PBXFileReference; lastKnownFileType = sourcecode.swift; path = AppDelegate.swift; sourceTree = "<group>"; };
		57DFCEEC2185052B0048F450 /* Base */ = {isa = PBXFileReference; lastKnownFileType = file.storyboard; name = Base; path = Base.lproj/Main.storyboard; sourceTree = "<group>"; };
		57DFCEEE2185052D0048F450 /* Assets.xcassets */ = {isa = PBXFileReference; lastKnownFileType = folder.assetcatalog; name = Assets.xcassets; path = ../SupportFile/Assets.xcassets; sourceTree = "<group>"; };
		57DFCEF12185052D0048F450 /* Base */ = {isa = PBXFileReference; lastKnownFileType = file.storyboard; name = Base; path = Base.lproj/LaunchScreen.storyboard; sourceTree = "<group>"; };
		57DFCEF32185052D0048F450 /* Info.plist */ = {isa = PBXFileReference; lastKnownFileType = text.plist.xml; path = Info.plist; sourceTree = "<group>"; };
		57DFCEF82185052D0048F450 /* HypeSocialTests.xctest */ = {isa = PBXFileReference; explicitFileType = wrapper.cfbundle; includeInIndex = 0; path = HypeSocialTests.xctest; sourceTree = BUILT_PRODUCTS_DIR; };
		57DFCEFC2185052E0048F450 /* HypeSocialTests.swift */ = {isa = PBXFileReference; lastKnownFileType = sourcecode.swift; path = HypeSocialTests.swift; sourceTree = "<group>"; };
		57DFCEFE2185052E0048F450 /* Info.plist */ = {isa = PBXFileReference; lastKnownFileType = text.plist.xml; path = Info.plist; sourceTree = "<group>"; };
		57DFCF0D218510910048F450 /* CartageInputDependencies.xcfilelist */ = {isa = PBXFileReference; lastKnownFileType = text.xcfilelist; path = CartageInputDependencies.xcfilelist; sourceTree = "<group>"; };
		57DFCF0F2185125D0048F450 /* CartageOutputDependencies.xcfilelist */ = {isa = PBXFileReference; lastKnownFileType = text.xcfilelist; path = CartageOutputDependencies.xcfilelist; sourceTree = "<group>"; };
		57DFCF3621851F8B0048F450 /* Moya.framework */ = {isa = PBXFileReference; lastKnownFileType = wrapper.framework; name = Moya.framework; path = Carthage/Build/iOS/Moya.framework; sourceTree = "<group>"; };
		57DFCF3921851F8C0048F450 /* Alamofire.framework */ = {isa = PBXFileReference; lastKnownFileType = wrapper.framework; name = Alamofire.framework; path = Carthage/Build/iOS/Alamofire.framework; sourceTree = "<group>"; };
		57DFCF3A21851F8C0048F450 /* Result.framework */ = {isa = PBXFileReference; lastKnownFileType = wrapper.framework; name = Result.framework; path = Carthage/Build/iOS/Result.framework; sourceTree = "<group>"; };
		57DFCF3B21851F8C0048F450 /* RxSwift.framework */ = {isa = PBXFileReference; lastKnownFileType = wrapper.framework; name = RxSwift.framework; path = Carthage/Build/iOS/RxSwift.framework; sourceTree = "<group>"; };
		57DFCF422185210D0048F450 /* RxMoya.framework */ = {isa = PBXFileReference; lastKnownFileType = wrapper.framework; name = RxMoya.framework; path = Carthage/Build/iOS/RxMoya.framework; sourceTree = "<group>"; };
		57DFCF44218524670048F450 /* MSAL.framework */ = {isa = PBXFileReference; lastKnownFileType = wrapper.framework; name = MSAL.framework; path = Carthage/Build/iOS/MSAL.framework; sourceTree = "<group>"; };
		57DFCF4C218632F10048F450 /* HypeSocial.entitlements */ = {isa = PBXFileReference; lastKnownFileType = text.plist.entitlements; path = HypeSocial.entitlements; sourceTree = "<group>"; };
		5D041B664238138F557E1DDD /* Pods-HypeSocialTests.debug.xcconfig */ = {isa = PBXFileReference; includeInIndex = 1; lastKnownFileType = text.xcconfig; name = "Pods-HypeSocialTests.debug.xcconfig"; path = "Pods/Target Support Files/Pods-HypeSocialTests/Pods-HypeSocialTests.debug.xcconfig"; sourceTree = "<group>"; };
		C90B8E3C919E3D7C2F3F807C /* Pods_HypeSocial.framework */ = {isa = PBXFileReference; explicitFileType = wrapper.framework; includeInIndex = 0; path = Pods_HypeSocial.framework; sourceTree = BUILT_PRODUCTS_DIR; };
		DAD12E2C7FF96ED9D4D4B65E /* Pods_HypeSocialTests.framework */ = {isa = PBXFileReference; explicitFileType = wrapper.framework; includeInIndex = 0; path = Pods_HypeSocialTests.framework; sourceTree = BUILT_PRODUCTS_DIR; };
		DF20B76543484CFBF229F3FE /* Pods-HypeSocial.debug.xcconfig */ = {isa = PBXFileReference; includeInIndex = 1; lastKnownFileType = text.xcconfig; name = "Pods-HypeSocial.debug.xcconfig"; path = "Pods/Target Support Files/Pods-HypeSocial/Pods-HypeSocial.debug.xcconfig"; sourceTree = "<group>"; };
/* End PBXFileReference section */

/* Begin PBXFrameworksBuildPhase section */
		57DFCEE12185052B0048F450 /* Frameworks */ = {
			isa = PBXFrameworksBuildPhase;
			buildActionMask = 2147483647;
			files = (
				57DFCF432185210D0048F450 /* RxMoya.framework in Frameworks */,
				57DFCF3C21851F900048F450 /* Alamofire.framework in Frameworks */,
				5719C3D221C1EA8E00CB6961 /* NVActivityIndicatorView.framework in Frameworks */,
				5719C3D321C1EA8E00CB6961 /* NVActivityIndicatorViewAppExtension.framework in Frameworks */,
				57DFCF3D21851F900048F450 /* Moya.framework in Frameworks */,
				57DFCF45218524670048F450 /* MSAL.framework in Frameworks */,
				57DFCF3F21851F900048F450 /* Result.framework in Frameworks */,
				57DFCF4121851F910048F450 /* RxSwift.framework in Frameworks */,
				2C6715A830AC25D3893F10E8 /* Pods_HypeSocial.framework in Frameworks */,
			);
			runOnlyForDeploymentPostprocessing = 0;
		};
		57DFCEF52185052D0048F450 /* Frameworks */ = {
			isa = PBXFrameworksBuildPhase;
			buildActionMask = 2147483647;
			files = (
				8A60F6236A5FAA683AD2D2B4 /* Pods_HypeSocialTests.framework in Frameworks */,
			);
			runOnlyForDeploymentPostprocessing = 0;
		};
/* End PBXFrameworksBuildPhase section */

/* Begin PBXGroup section */
		13208099ED4D40E781927C66 /* Factory */ = {
			isa = PBXGroup;
			children = (
				132080AF51E50DACAD01E142 /* WindowFactory.swift */,
			);
			path = Factory;
			sourceTree = "<group>";
		};
		1320823674CDBBB2DE3E3ADB /* Controller */ = {
			isa = PBXGroup;
			children = (
				132089CF91BC36B3424F2C4A /* HomeViewController.swift */,
				13208F0152537F73CADF10B0 /* EventDetailViewController.swift */,
				13208E1F36BD6635ACDB0596 /* EventListViewController.swift */,
				1320847DB5D49ED5C18EAD48 /* ProfileViewController.swift */,
			);
			path = Controller;
			sourceTree = "<group>";
		};
		1320897C88526DDA2B3EC964 /* View */ = {
			isa = PBXGroup;
			children = (
				132085B21FB3CC6C92A33FEB /* HomeCell.swift */,
			);
			path = View;
			sourceTree = "<group>";
		};
		13208B1B2AF2AC1D47D910B1 /* Extension */ = {
			isa = PBXGroup;
			children = (
				132080B43B5054687EDFFB41 /* UITableViewCell.swift */,
				13208484DEAAF2EA757D9C68 /* UIColor.swift */,
			);
			path = Extension;
			sourceTree = "<group>";
		};
		13208EFDEDA4EBD70C701444 /* Service */ = {
			isa = PBXGroup;
			children = (
				13208D02BD8F371A2BA776B2 /* TempServiceMSAL.swift */,
			);
			path = Service;
			sourceTree = "<group>";
		};
		579AC91421B7751700BE46D5 /* Feature */ = {
			isa = PBXGroup;
			children = (
				579AC91521B7752500BE46D5 /* Home */,
			);
			path = Feature;
			sourceTree = "<group>";
		};
		579AC91521B7752500BE46D5 /* Home */ = {
			isa = PBXGroup;
			children = (
				1320823674CDBBB2DE3E3ADB /* Controller */,
				1320897C88526DDA2B3EC964 /* View */,
				132086652FF90BD2F686F93E /* RootViewController.swift */,
			);
			path = Home;
			sourceTree = "<group>";
		};
		579AC91621B7764200BE46D5 /* Core */ = {
			isa = PBXGroup;
			children = (
				579AC91821B7777C00BE46D5 /* View */,
				579AC91A21B777FE00BE46D5 /* AppConfig.swift */,
				13208EFDEDA4EBD70C701444 /* Service */,
				13208B1B2AF2AC1D47D910B1 /* Extension */,
				13208099ED4D40E781927C66 /* Factory */,
				13208CDBB8A4B2DD8D8A16D9 /* Strings.swift */,
				13208FE14E183F3CE702333B /* UIActivityIndicatorViewController.swift */,
			);
			path = Core;
			sourceTree = "<group>";
		};
		579AC91821B7777C00BE46D5 /* View */ = {
			isa = PBXGroup;
			children = (
			);
			path = View;
			sourceTree = "<group>";
		};
		57DFCEDB2185052B0048F450 = {
			isa = PBXGroup;
			children = (
				57DFCEE62185052B0048F450 /* HypeSocial */,
				57DFCEFB2185052D0048F450 /* HypeSocialTests */,
				57DFCEE52185052B0048F450 /* Products */,
				57DFCF30218516A40048F450 /* Frameworks */,
				88FDB0CF6E56C3D0557404EA /* Pods */,
			);
			sourceTree = "<group>";
		};
		57DFCEE52185052B0048F450 /* Products */ = {
			isa = PBXGroup;
			children = (
				57DFCEE42185052B0048F450 /* HypeSocial.app */,
				57DFCEF82185052D0048F450 /* HypeSocialTests.xctest */,
			);
			name = Products;
			sourceTree = "<group>";
		};
		57DFCEE62185052B0048F450 /* HypeSocial */ = {
			isa = PBXGroup;
			children = (
				579AC91621B7764200BE46D5 /* Core */,
				579AC91421B7751700BE46D5 /* Feature */,
				57DFCF4C218632F10048F450 /* HypeSocial.entitlements */,
				57DFCF0A21850F550048F450 /* Resource */,
				57DFCEE72185052B0048F450 /* AppDelegate.swift */,
				57DFCEEB2185052B0048F450 /* Main.storyboard */,
				57DFCEF02185052D0048F450 /* LaunchScreen.storyboard */,
				57DFCEF32185052D0048F450 /* Info.plist */,
			);
			path = HypeSocial;
			sourceTree = "<group>";
		};
		57DFCEFB2185052D0048F450 /* HypeSocialTests */ = {
			isa = PBXGroup;
			children = (
				57DFCEFC2185052E0048F450 /* HypeSocialTests.swift */,
				57DFCEFE2185052E0048F450 /* Info.plist */,
			);
			path = HypeSocialTests;
			sourceTree = "<group>";
		};
		57DFCF0A21850F550048F450 /* Resource */ = {
			isa = PBXGroup;
			children = (
				57DFCF0C21850F9F0048F450 /* SupportFile */,
				57DFCF0B21850F950048F450 /* Assets */,
			);
			path = Resource;
			sourceTree = "<group>";
		};
		57DFCF0B21850F950048F450 /* Assets */ = {
			isa = PBXGroup;
			children = (
				57DFCEEE2185052D0048F450 /* Assets.xcassets */,
			);
			path = Assets;
			sourceTree = "<group>";
		};
		57DFCF0C21850F9F0048F450 /* SupportFile */ = {
			isa = PBXGroup;
			children = (
				57BB2C9F21C1BE0700089756 /* GoogleService-Info.plist */,
				57DFCF0F2185125D0048F450 /* CartageOutputDependencies.xcfilelist */,
				57DFCF0D218510910048F450 /* CartageInputDependencies.xcfilelist */,
			);
			path = SupportFile;
			sourceTree = "<group>";
		};
		57DFCF30218516A40048F450 /* Frameworks */ = {
			isa = PBXGroup;
			children = (
				5719C3D021C1EA8E00CB6961 /* NVActivityIndicatorView.framework */,
				5719C3D121C1EA8E00CB6961 /* NVActivityIndicatorViewAppExtension.framework */,
				57DFCF44218524670048F450 /* MSAL.framework */,
				57DFCF422185210D0048F450 /* RxMoya.framework */,
				57DFCF3921851F8C0048F450 /* Alamofire.framework */,
				57DFCF3621851F8B0048F450 /* Moya.framework */,
				57DFCF3A21851F8C0048F450 /* Result.framework */,
				57DFCF3B21851F8C0048F450 /* RxSwift.framework */,
				C90B8E3C919E3D7C2F3F807C /* Pods_HypeSocial.framework */,
				DAD12E2C7FF96ED9D4D4B65E /* Pods_HypeSocialTests.framework */,
			);
			name = Frameworks;
			sourceTree = "<group>";
		};
		88FDB0CF6E56C3D0557404EA /* Pods */ = {
			isa = PBXGroup;
			children = (
				DF20B76543484CFBF229F3FE /* Pods-HypeSocial.debug.xcconfig */,
				4162FF28DAE0C6C5667A82FA /* Pods-HypeSocial.release.xcconfig */,
				5D041B664238138F557E1DDD /* Pods-HypeSocialTests.debug.xcconfig */,
				1FE3FD10727D9CDABD9A5BD6 /* Pods-HypeSocialTests.release.xcconfig */,
			);
			name = Pods;
			sourceTree = "<group>";
		};
/* End PBXGroup section */

/* Begin PBXNativeTarget section */
		57DFCEE32185052B0048F450 /* HypeSocial */ = {
			isa = PBXNativeTarget;
			buildConfigurationList = 57DFCF012185052E0048F450 /* Build configuration list for PBXNativeTarget "HypeSocial" */;
			buildPhases = (
				BF13160AEA1742F5DAC98A6C /* [CP] Check Pods Manifest.lock */,
				57DFCF0921850E120048F450 /* Carthage */,
				57DFCF0821850DFD0048F450 /* Carthage */,
				57DFCEE02185052B0048F450 /* Sources */,
				57DFCEE12185052B0048F450 /* Frameworks */,
				57DFCEE22185052B0048F450 /* Resources */,
				9DA39EBF8A661DB43F592905 /* [CP] Embed Pods Frameworks */,
			);
			buildRules = (
			);
			dependencies = (
			);
			name = HypeSocial;
			productName = HypeSocial;
			productReference = 57DFCEE42185052B0048F450 /* HypeSocial.app */;
			productType = "com.apple.product-type.application";
		};
		57DFCEF72185052D0048F450 /* HypeSocialTests */ = {
			isa = PBXNativeTarget;
			buildConfigurationList = 57DFCF042185052E0048F450 /* Build configuration list for PBXNativeTarget "HypeSocialTests" */;
			buildPhases = (
				95A6F6C2256511EB2E3BE27A /* [CP] Check Pods Manifest.lock */,
				57DFCEF42185052D0048F450 /* Sources */,
				57DFCEF52185052D0048F450 /* Frameworks */,
				57DFCEF62185052D0048F450 /* Resources */,
			);
			buildRules = (
			);
			dependencies = (
				57DFCEFA2185052D0048F450 /* PBXTargetDependency */,
			);
			name = HypeSocialTests;
			productName = HypeSocialTests;
			productReference = 57DFCEF82185052D0048F450 /* HypeSocialTests.xctest */;
			productType = "com.apple.product-type.bundle.unit-test";
		};
/* End PBXNativeTarget section */

/* Begin PBXProject section */
		57DFCEDC2185052B0048F450 /* Project object */ = {
			isa = PBXProject;
			attributes = {
				LastSwiftUpdateCheck = 1000;
				LastUpgradeCheck = 1000;
				ORGANIZATIONNAME = "Douglas Mendes";
				TargetAttributes = {
					57DFCEE32185052B0048F450 = {
						CreatedOnToolsVersion = 10.0;
						SystemCapabilities = {
							com.apple.Keychain = {
								enabled = 1;
							};
						};
					};
					57DFCEF72185052D0048F450 = {
						CreatedOnToolsVersion = 10.0;
						TestTargetID = 57DFCEE32185052B0048F450;
					};
				};
			};
			buildConfigurationList = 57DFCEDF2185052B0048F450 /* Build configuration list for PBXProject "HypeSocial" */;
			compatibilityVersion = "Xcode 9.3";
			developmentRegion = en;
			hasScannedForEncodings = 0;
			knownRegions = (
				en,
				Base,
			);
			mainGroup = 57DFCEDB2185052B0048F450;
			productRefGroup = 57DFCEE52185052B0048F450 /* Products */;
			projectDirPath = "";
			projectRoot = "";
			targets = (
				57DFCEE32185052B0048F450 /* HypeSocial */,
				57DFCEF72185052D0048F450 /* HypeSocialTests */,
			);
		};
/* End PBXProject section */

/* Begin PBXResourcesBuildPhase section */
		57DFCEE22185052B0048F450 /* Resources */ = {
			isa = PBXResourcesBuildPhase;
			buildActionMask = 2147483647;
			files = (
				57DFCEF22185052D0048F450 /* LaunchScreen.storyboard in Resources */,
				57BB2CA021C1BE0700089756 /* GoogleService-Info.plist in Resources */,
				57DFCEEF2185052D0048F450 /* Assets.xcassets in Resources */,
				57DFCEED2185052B0048F450 /* Main.storyboard in Resources */,
			);
			runOnlyForDeploymentPostprocessing = 0;
		};
		57DFCEF62185052D0048F450 /* Resources */ = {
			isa = PBXResourcesBuildPhase;
			buildActionMask = 2147483647;
			files = (
			);
			runOnlyForDeploymentPostprocessing = 0;
		};
/* End PBXResourcesBuildPhase section */

/* Begin PBXShellScriptBuildPhase section */
		57DFCF0921850E120048F450 /* Carthage */ = {
			isa = PBXShellScriptBuildPhase;
			buildActionMask = 2147483647;
			files = (
			);
			inputFileListPaths = (
				"$(SRCROOT)/HypeSocial/Resource/SupportFile/CartageInputDependencies.xcfilelist",
			);
			inputPaths = (
			);
			name = Carthage;
			outputFileListPaths = (
				"$(SRCROOT)/HypeSocial/Resource/SupportFile/CartageOutputDependencies.xcfilelist",
			);
			outputPaths = (
			);
			runOnlyForDeploymentPostprocessing = 0;
			shellPath = /bin/sh;
			shellScript = "/usr/local/bin/carthage copy-frameworks\n";
		};
		95A6F6C2256511EB2E3BE27A /* [CP] Check Pods Manifest.lock */ = {
			isa = PBXShellScriptBuildPhase;
			buildActionMask = 2147483647;
			files = (
			);
			inputFileListPaths = (
			);
			inputPaths = (
				"${PODS_PODFILE_DIR_PATH}/Podfile.lock",
				"${PODS_ROOT}/Manifest.lock",
			);
			name = "[CP] Check Pods Manifest.lock";
			outputFileListPaths = (
			);
			outputPaths = (
				"$(DERIVED_FILE_DIR)/Pods-HypeSocialTests-checkManifestLockResult.txt",
			);
			runOnlyForDeploymentPostprocessing = 0;
			shellPath = /bin/sh;
			shellScript = "diff \"${PODS_PODFILE_DIR_PATH}/Podfile.lock\" \"${PODS_ROOT}/Manifest.lock\" > /dev/null\nif [ $? != 0 ] ; then\n    # print error to STDERR\n    echo \"error: The sandbox is not in sync with the Podfile.lock. Run 'pod install' or update your CocoaPods installation.\" >&2\n    exit 1\nfi\n# This output is used by Xcode 'outputs' to avoid re-running this script phase.\necho \"SUCCESS\" > \"${SCRIPT_OUTPUT_FILE_0}\"\n";
			showEnvVarsInLog = 0;
		};
		9DA39EBF8A661DB43F592905 /* [CP] Embed Pods Frameworks */ = {
			isa = PBXShellScriptBuildPhase;
			buildActionMask = 2147483647;
			files = (
			);
			inputFileListPaths = (
			);
			inputPaths = (
				"${SRCROOT}/Pods/Target Support Files/Pods-HypeSocial/Pods-HypeSocial-frameworks.sh",
				"${BUILT_PRODUCTS_DIR}/Cards/Cards.framework",
				"${BUILT_PRODUCTS_DIR}/GoogleUtilities/GoogleUtilities.framework",
				"${BUILT_PRODUCTS_DIR}/Player/Player.framework",
				"${BUILT_PRODUCTS_DIR}/Protobuf/Protobuf.framework",
				"${BUILT_PRODUCTS_DIR}/nanopb/nanopb.framework",
			);
			name = "[CP] Embed Pods Frameworks";
			outputFileListPaths = (
			);
			outputPaths = (
				"${TARGET_BUILD_DIR}/${FRAMEWORKS_FOLDER_PATH}/Cards.framework",
				"${TARGET_BUILD_DIR}/${FRAMEWORKS_FOLDER_PATH}/GoogleUtilities.framework",
				"${TARGET_BUILD_DIR}/${FRAMEWORKS_FOLDER_PATH}/Player.framework",
				"${TARGET_BUILD_DIR}/${FRAMEWORKS_FOLDER_PATH}/Protobuf.framework",
				"${TARGET_BUILD_DIR}/${FRAMEWORKS_FOLDER_PATH}/nanopb.framework",
			);
			runOnlyForDeploymentPostprocessing = 0;
			shellPath = /bin/sh;
			shellScript = "\"${SRCROOT}/Pods/Target Support Files/Pods-HypeSocial/Pods-HypeSocial-frameworks.sh\"\n";
			showEnvVarsInLog = 0;
		};
		BF13160AEA1742F5DAC98A6C /* [CP] Check Pods Manifest.lock */ = {
			isa = PBXShellScriptBuildPhase;
			buildActionMask = 2147483647;
			files = (
			);
			inputFileListPaths = (
			);
			inputPaths = (
				"${PODS_PODFILE_DIR_PATH}/Podfile.lock",
				"${PODS_ROOT}/Manifest.lock",
			);
			name = "[CP] Check Pods Manifest.lock";
			outputFileListPaths = (
			);
			outputPaths = (
				"$(DERIVED_FILE_DIR)/Pods-HypeSocial-checkManifestLockResult.txt",
			);
			runOnlyForDeploymentPostprocessing = 0;
			shellPath = /bin/sh;
			shellScript = "diff \"${PODS_PODFILE_DIR_PATH}/Podfile.lock\" \"${PODS_ROOT}/Manifest.lock\" > /dev/null\nif [ $? != 0 ] ; then\n    # print error to STDERR\n    echo \"error: The sandbox is not in sync with the Podfile.lock. Run 'pod install' or update your CocoaPods installation.\" >&2\n    exit 1\nfi\n# This output is used by Xcode 'outputs' to avoid re-running this script phase.\necho \"SUCCESS\" > \"${SCRIPT_OUTPUT_FILE_0}\"\n";
			showEnvVarsInLog = 0;
		};
/* End PBXShellScriptBuildPhase section */

/* Begin PBXSourcesBuildPhase section */
		57DFCEE02185052B0048F450 /* Sources */ = {
			isa = PBXSourcesBuildPhase;
			buildActionMask = 2147483647;
			files = (
				579AC91B21B777FE00BE46D5 /* AppConfig.swift in Sources */,
				57DFCEE82185052B0048F450 /* AppDelegate.swift in Sources */,
				132080C5F0B2A84855F08D9B /* TempServiceMSAL.swift in Sources */,
				1320860E32342A89629012E3 /* HomeViewController.swift in Sources */,
				1320865100C2083A93C55EF5 /* HomeCell.swift in Sources */,
				132088D90A545A8A9FFCAE11 /* UITableViewCell.swift in Sources */,
				13208361DD6C999C856365D8 /* UIColor.swift in Sources */,
				132088DC5BEA3F9071867046 /* EventDetailViewController.swift in Sources */,
				132081B1E052BEBC2F0FC848 /* EventListViewController.swift in Sources */,
				1320843F5CFD847D2A7EF9A9 /* ProfileViewController.swift in Sources */,
				13208344AE4E5CC771811ED4 /* RootViewController.swift in Sources */,
				13208B3809503533F204EFB4 /* WindowFactory.swift in Sources */,
				13208E7B851A8F97CB499B1B /* Strings.swift in Sources */,
				13208F735BCD1C33B3A2F3C5 /* UIActivityIndicatorViewController.swift in Sources */,
			);
			runOnlyForDeploymentPostprocessing = 0;
		};
		57DFCEF42185052D0048F450 /* Sources */ = {
			isa = PBXSourcesBuildPhase;
			buildActionMask = 2147483647;
			files = (
				57DFCEFD2185052E0048F450 /* HypeSocialTests.swift in Sources */,
			);
			runOnlyForDeploymentPostprocessing = 0;
		};
/* End PBXSourcesBuildPhase section */

/* Begin PBXTargetDependency section */
		57DFCEFA2185052D0048F450 /* PBXTargetDependency */ = {
			isa = PBXTargetDependency;
			target = 57DFCEE32185052B0048F450 /* HypeSocial */;
			targetProxy = 57DFCEF92185052D0048F450 /* PBXContainerItemProxy */;
		};
/* End PBXTargetDependency section */

/* Begin PBXVariantGroup section */
		57DFCEEB2185052B0048F450 /* Main.storyboard */ = {
			isa = PBXVariantGroup;
			children = (
				57DFCEEC2185052B0048F450 /* Base */,
			);
			name = Main.storyboard;
			sourceTree = "<group>";
		};
		57DFCEF02185052D0048F450 /* LaunchScreen.storyboard */ = {
			isa = PBXVariantGroup;
			children = (
				57DFCEF12185052D0048F450 /* Base */,
			);
			name = LaunchScreen.storyboard;
			sourceTree = "<group>";
		};
/* End PBXVariantGroup section */

/* Begin XCBuildConfiguration section */
		57DFCEFF2185052E0048F450 /* Debug */ = {
			isa = XCBuildConfiguration;
			buildSettings = {
				ALWAYS_SEARCH_USER_PATHS = NO;
				CLANG_ANALYZER_NONNULL = YES;
				CLANG_ANALYZER_NUMBER_OBJECT_CONVERSION = YES_AGGRESSIVE;
				CLANG_CXX_LANGUAGE_STANDARD = "gnu++14";
				CLANG_CXX_LIBRARY = "libc++";
				CLANG_ENABLE_MODULES = YES;
				CLANG_ENABLE_OBJC_ARC = YES;
				CLANG_ENABLE_OBJC_WEAK = YES;
				CLANG_WARN_BLOCK_CAPTURE_AUTORELEASING = YES;
				CLANG_WARN_BOOL_CONVERSION = YES;
				CLANG_WARN_COMMA = YES;
				CLANG_WARN_CONSTANT_CONVERSION = YES;
				CLANG_WARN_DEPRECATED_OBJC_IMPLEMENTATIONS = YES;
				CLANG_WARN_DIRECT_OBJC_ISA_USAGE = YES_ERROR;
				CLANG_WARN_DOCUMENTATION_COMMENTS = YES;
				CLANG_WARN_EMPTY_BODY = YES;
				CLANG_WARN_ENUM_CONVERSION = YES;
				CLANG_WARN_INFINITE_RECURSION = YES;
				CLANG_WARN_INT_CONVERSION = YES;
				CLANG_WARN_NON_LITERAL_NULL_CONVERSION = YES;
				CLANG_WARN_OBJC_IMPLICIT_RETAIN_SELF = YES;
				CLANG_WARN_OBJC_LITERAL_CONVERSION = YES;
				CLANG_WARN_OBJC_ROOT_CLASS = YES_ERROR;
				CLANG_WARN_RANGE_LOOP_ANALYSIS = YES;
				CLANG_WARN_STRICT_PROTOTYPES = YES;
				CLANG_WARN_SUSPICIOUS_MOVE = YES;
				CLANG_WARN_UNGUARDED_AVAILABILITY = YES_AGGRESSIVE;
				CLANG_WARN_UNREACHABLE_CODE = YES;
				CLANG_WARN__DUPLICATE_METHOD_MATCH = YES;
				CODE_SIGN_IDENTITY = "iPhone Developer";
				COPY_PHASE_STRIP = NO;
				DEBUG_INFORMATION_FORMAT = dwarf;
				ENABLE_STRICT_OBJC_MSGSEND = YES;
				ENABLE_TESTABILITY = YES;
				GCC_C_LANGUAGE_STANDARD = gnu11;
				GCC_DYNAMIC_NO_PIC = NO;
				GCC_NO_COMMON_BLOCKS = YES;
				GCC_OPTIMIZATION_LEVEL = 0;
				GCC_PREPROCESSOR_DEFINITIONS = (
					"DEBUG=1",
					"$(inherited)",
				);
				GCC_WARN_64_TO_32_BIT_CONVERSION = YES;
				GCC_WARN_ABOUT_RETURN_TYPE = YES_ERROR;
				GCC_WARN_UNDECLARED_SELECTOR = YES;
				GCC_WARN_UNINITIALIZED_AUTOS = YES_AGGRESSIVE;
				GCC_WARN_UNUSED_FUNCTION = YES;
				GCC_WARN_UNUSED_VARIABLE = YES;
				IPHONEOS_DEPLOYMENT_TARGET = 12.0;
				MTL_ENABLE_DEBUG_INFO = INCLUDE_SOURCE;
				MTL_FAST_MATH = YES;
				ONLY_ACTIVE_ARCH = YES;
				OTHER_SWIFT_FLAGS = "-warn-long-expression-type-checking=100 -Xfrontend  -warn-long-function-bodies=100";
				SDKROOT = iphoneos;
				SWIFT_ACTIVE_COMPILATION_CONDITIONS = DEBUG;
				SWIFT_OPTIMIZATION_LEVEL = "-Onone";
			};
			name = Debug;
		};
		57DFCF002185052E0048F450 /* Release */ = {
			isa = XCBuildConfiguration;
			buildSettings = {
				ALWAYS_SEARCH_USER_PATHS = NO;
				CLANG_ANALYZER_NONNULL = YES;
				CLANG_ANALYZER_NUMBER_OBJECT_CONVERSION = YES_AGGRESSIVE;
				CLANG_CXX_LANGUAGE_STANDARD = "gnu++14";
				CLANG_CXX_LIBRARY = "libc++";
				CLANG_ENABLE_MODULES = YES;
				CLANG_ENABLE_OBJC_ARC = YES;
				CLANG_ENABLE_OBJC_WEAK = YES;
				CLANG_WARN_BLOCK_CAPTURE_AUTORELEASING = YES;
				CLANG_WARN_BOOL_CONVERSION = YES;
				CLANG_WARN_COMMA = YES;
				CLANG_WARN_CONSTANT_CONVERSION = YES;
				CLANG_WARN_DEPRECATED_OBJC_IMPLEMENTATIONS = YES;
				CLANG_WARN_DIRECT_OBJC_ISA_USAGE = YES_ERROR;
				CLANG_WARN_DOCUMENTATION_COMMENTS = YES;
				CLANG_WARN_EMPTY_BODY = YES;
				CLANG_WARN_ENUM_CONVERSION = YES;
				CLANG_WARN_INFINITE_RECURSION = YES;
				CLANG_WARN_INT_CONVERSION = YES;
				CLANG_WARN_NON_LITERAL_NULL_CONVERSION = YES;
				CLANG_WARN_OBJC_IMPLICIT_RETAIN_SELF = YES;
				CLANG_WARN_OBJC_LITERAL_CONVERSION = YES;
				CLANG_WARN_OBJC_ROOT_CLASS = YES_ERROR;
				CLANG_WARN_RANGE_LOOP_ANALYSIS = YES;
				CLANG_WARN_STRICT_PROTOTYPES = YES;
				CLANG_WARN_SUSPICIOUS_MOVE = YES;
				CLANG_WARN_UNGUARDED_AVAILABILITY = YES_AGGRESSIVE;
				CLANG_WARN_UNREACHABLE_CODE = YES;
				CLANG_WARN__DUPLICATE_METHOD_MATCH = YES;
				CODE_SIGN_IDENTITY = "iPhone Developer";
				COPY_PHASE_STRIP = NO;
				DEBUG_INFORMATION_FORMAT = "dwarf-with-dsym";
				ENABLE_NS_ASSERTIONS = NO;
				ENABLE_STRICT_OBJC_MSGSEND = YES;
				GCC_C_LANGUAGE_STANDARD = gnu11;
				GCC_NO_COMMON_BLOCKS = YES;
				GCC_WARN_64_TO_32_BIT_CONVERSION = YES;
				GCC_WARN_ABOUT_RETURN_TYPE = YES_ERROR;
				GCC_WARN_UNDECLARED_SELECTOR = YES;
				GCC_WARN_UNINITIALIZED_AUTOS = YES_AGGRESSIVE;
				GCC_WARN_UNUSED_FUNCTION = YES;
				GCC_WARN_UNUSED_VARIABLE = YES;
				IPHONEOS_DEPLOYMENT_TARGET = 12.0;
				MTL_ENABLE_DEBUG_INFO = NO;
				MTL_FAST_MATH = YES;
				SDKROOT = iphoneos;
				SWIFT_COMPILATION_MODE = wholemodule;
				SWIFT_OPTIMIZATION_LEVEL = "-Osize";
				VALIDATE_PRODUCT = YES;
			};
			name = Release;
		};
		57DFCF022185052E0048F450 /* Debug */ = {
			isa = XCBuildConfiguration;
			baseConfigurationReference = DF20B76543484CFBF229F3FE /* Pods-HypeSocial.debug.xcconfig */;
			buildSettings = {
				ASSETCATALOG_COMPILER_APPICON_NAME = AppIcon;
				CODE_SIGN_ENTITLEMENTS = HypeSocial/HypeSocial.entitlements;
				CODE_SIGN_IDENTITY = "iPhone Developer";
				CODE_SIGN_STYLE = Automatic;
				DEVELOPMENT_TEAM = WQVLGGBH98;
				FRAMEWORK_SEARCH_PATHS = (
					"$(inherited)",
					"$(PROJECT_DIR)/Carthage/Build/iOS",
				);
				INFOPLIST_FILE = HypeSocial/Info.plist;
				LD_RUNPATH_SEARCH_PATHS = (
					"$(inherited)",
					"@executable_path/Frameworks",
				);
				OTHER_SWIFT_FLAGS = "";
				PRODUCT_BUNDLE_IDENTIFIER = ca.levio.HypeSocial;
				PRODUCT_NAME = "$(TARGET_NAME)";
				PROVISIONING_PROFILE_SPECIFIER = "";
				SWIFT_VERSION = 4.2;
				TARGETED_DEVICE_FAMILY = 1;
			};
			name = Debug;
		};
		57DFCF032185052E0048F450 /* Release */ = {
			isa = XCBuildConfiguration;
			baseConfigurationReference = 4162FF28DAE0C6C5667A82FA /* Pods-HypeSocial.release.xcconfig */;
			buildSettings = {
				ASSETCATALOG_COMPILER_APPICON_NAME = AppIcon;
				CODE_SIGN_ENTITLEMENTS = HypeSocial/HypeSocial.entitlements;
				CODE_SIGN_IDENTITY = "iPhone Developer";
				CODE_SIGN_STYLE = Automatic;
				DEVELOPMENT_TEAM = WQVLGGBH98;
				FRAMEWORK_SEARCH_PATHS = (
					"$(inherited)",
					"$(PROJECT_DIR)/Carthage/Build/iOS",
				);
				INFOPLIST_FILE = HypeSocial/Info.plist;
				LD_RUNPATH_SEARCH_PATHS = (
					"$(inherited)",
					"@executable_path/Frameworks",
				);
				PRODUCT_BUNDLE_IDENTIFIER = ca.levio.HypeSocial;
				PRODUCT_NAME = "$(TARGET_NAME)";
				PROVISIONING_PROFILE_SPECIFIER = "";
				SWIFT_VERSION = 4.2;
				TARGETED_DEVICE_FAMILY = 1;
			};
			name = Release;
		};
		57DFCF052185052E0048F450 /* Debug */ = {
			isa = XCBuildConfiguration;
			baseConfigurationReference = 5D041B664238138F557E1DDD /* Pods-HypeSocialTests.debug.xcconfig */;
			buildSettings = {
				ALWAYS_EMBED_SWIFT_STANDARD_LIBRARIES = YES;
				BUNDLE_LOADER = "$(TEST_HOST)";
				CODE_SIGN_STYLE = Automatic;
				DEVELOPMENT_TEAM = WQVLGGBH98;
				INFOPLIST_FILE = HypeSocialTests/Info.plist;
				LD_RUNPATH_SEARCH_PATHS = (
					"$(inherited)",
					"@executable_path/Frameworks",
					"@loader_path/Frameworks",
				);
				PRODUCT_BUNDLE_IDENTIFIER = ca.levio.HypeSocialTests;
				PRODUCT_NAME = "$(TARGET_NAME)";
				SWIFT_VERSION = 4.2;
				TARGETED_DEVICE_FAMILY = "1,2";
				TEST_HOST = "$(BUILT_PRODUCTS_DIR)/HypeSocial.app/HypeSocial";
			};
			name = Debug;
		};
		57DFCF062185052E0048F450 /* Release */ = {
			isa = XCBuildConfiguration;
			baseConfigurationReference = 1FE3FD10727D9CDABD9A5BD6 /* Pods-HypeSocialTests.release.xcconfig */;
			buildSettings = {
				ALWAYS_EMBED_SWIFT_STANDARD_LIBRARIES = YES;
				BUNDLE_LOADER = "$(TEST_HOST)";
				CODE_SIGN_STYLE = Automatic;
				DEVELOPMENT_TEAM = WQVLGGBH98;
				INFOPLIST_FILE = HypeSocialTests/Info.plist;
				LD_RUNPATH_SEARCH_PATHS = (
					"$(inherited)",
					"@executable_path/Frameworks",
					"@loader_path/Frameworks",
				);
				PRODUCT_BUNDLE_IDENTIFIER = ca.levio.HypeSocialTests;
				PRODUCT_NAME = "$(TARGET_NAME)";
				SWIFT_VERSION = 4.2;
				TARGETED_DEVICE_FAMILY = "1,2";
				TEST_HOST = "$(BUILT_PRODUCTS_DIR)/HypeSocial.app/HypeSocial";
			};
			name = Release;
		};
/* End XCBuildConfiguration section */

/* Begin XCConfigurationList section */
		57DFCEDF2185052B0048F450 /* Build configuration list for PBXProject "HypeSocial" */ = {
			isa = XCConfigurationList;
			buildConfigurations = (
				57DFCEFF2185052E0048F450 /* Debug */,
				57DFCF002185052E0048F450 /* Release */,
			);
			defaultConfigurationIsVisible = 0;
			defaultConfigurationName = Release;
		};
		57DFCF012185052E0048F450 /* Build configuration list for PBXNativeTarget "HypeSocial" */ = {
			isa = XCConfigurationList;
			buildConfigurations = (
				57DFCF022185052E0048F450 /* Debug */,
				57DFCF032185052E0048F450 /* Release */,
			);
			defaultConfigurationIsVisible = 0;
			defaultConfigurationName = Release;
		};
		57DFCF042185052E0048F450 /* Build configuration list for PBXNativeTarget "HypeSocialTests" */ = {
			isa = XCConfigurationList;
			buildConfigurations = (
				57DFCF052185052E0048F450 /* Debug */,
				57DFCF062185052E0048F450 /* Release */,
			);
			defaultConfigurationIsVisible = 0;
			defaultConfigurationName = Release;
		};
/* End XCConfigurationList section */
	};
	rootObject = 57DFCEDC2185052B0048F450 /* Project object */;
}
